
Microsoft Visual Studio Solution File, Format Version 12.00
# Visual Studio 15
VisualStudioVersion = 15.0.26124.0
MinimumVisualStudioVersion = 15.0.26124.0
Project("{FAE04EC0-301F-11D3-BF4B-00C04F79EFBC}") = "Observations", "Observations\Observations.csproj", "{FCD69A73-D80C-4633-87D9-D815F8E5C31D}"
EndProject
Project("{FAE04EC0-301F-11D3-BF4B-00C04F79EFBC}") = "Observations.Tests", "Observations.Tests\Observations.Tests.csproj", "{F6F41CCE-9A5F-41CC-9159-A1AE6B5DB46B}"
EndProject
Global
	GlobalSection(SolutionConfigurationPlatforms) = preSolution
		Debug|Any CPU = Debug|Any CPU
		Debug|x64 = Debug|x64
		Debug|x86 = Debug|x86
		Release|Any CPU = Release|Any CPU
		Release|x64 = Release|x64
		Release|x86 = Release|x86
	EndGlobalSection
	GlobalSection(SolutionProperties) = preSolution
		HideSolutionNode = FALSE
	EndGlobalSection
	GlobalSection(ProjectConfigurationPlatforms) = postSolution
		{FCD69A73-D80C-4633-87D9-D815F8E5C31D}.Debug|Any CPU.ActiveCfg = Debug|Any CPU
		{FCD69A73-D80C-4633-87D9-D815F8E5C31D}.Debug|Any CPU.Build.0 = Debug|Any CPU
		{FCD69A73-D80C-4633-87D9-D815F8E5C31D}.Debug|x64.ActiveCfg = Debug|Any CPU
		{FCD69A73-D80C-4633-87D9-D815F8E5C31D}.Debug|x64.Build.0 = Debug|Any CPU
		{FCD69A73-D80C-4633-87D9-D815F8E5C31D}.Debug|x86.ActiveCfg = Debug|Any CPU
		{FCD69A73-D80C-4633-87D9-D815F8E5C31D}.Debug|x86.Build.0 = Debug|Any CPU
		{FCD69A73-D80C-4633-87D9-D815F8E5C31D}.Release|Any CPU.ActiveCfg = Release|Any CPU
		{FCD69A73-D80C-4633-87D9-D815F8E5C31D}.Release|Any CPU.Build.0 = Release|Any CPU
		{FCD69A73-D80C-4633-87D9-D815F8E5C31D}.Release|x64.ActiveCfg = Release|Any CPU
		{FCD69A73-D80C-4633-87D9-D815F8E5C31D}.Release|x64.Build.0 = Release|Any CPU
		{FCD69A73-D80C-4633-87D9-D815F8E5C31D}.Release|x86.ActiveCfg = Release|Any CPU
		{FCD69A73-D80C-4633-87D9-D815F8E5C31D}.Release|x86.Build.0 = Release|Any CPU
		{F6F41CCE-9A5F-41CC-9159-A1AE6B5DB46B}.Debug|Any CPU.ActiveCfg = Debug|Any CPU
		{F6F41CCE-9A5F-41CC-9159-A1AE6B5DB46B}.Debug|Any CPU.Build.0 = Debug|Any CPU
		{F6F41CCE-9A5F-41CC-9159-A1AE6B5DB46B}.Debug|x64.ActiveCfg = Debug|Any CPU
		{F6F41CCE-9A5F-41CC-9159-A1AE6B5DB46B}.Debug|x64.Build.0 = Debug|Any CPU
		{F6F41CCE-9A5F-41CC-9159-A1AE6B5DB46B}.Debug|x86.ActiveCfg = Debug|Any CPU
		{F6F41CCE-9A5F-41CC-9159-A1AE6B5DB46B}.Debug|x86.Build.0 = Debug|Any CPU
		{F6F41CCE-9A5F-41CC-9159-A1AE6B5DB46B}.Release|Any CPU.ActiveCfg = Release|Any CPU
		{F6F41CCE-9A5F-41CC-9159-A1AE6B5DB46B}.Release|Any CPU.Build.0 = Release|Any CPU
		{F6F41CCE-9A5F-41CC-9159-A1AE6B5DB46B}.Release|x64.ActiveCfg = Release|Any CPU
		{F6F41CCE-9A5F-41CC-9159-A1AE6B5DB46B}.Release|x64.Build.0 = Release|Any CPU
		{F6F41CCE-9A5F-41CC-9159-A1AE6B5DB46B}.Release|x86.ActiveCfg = Release|Any CPU
		{F6F41CCE-9A5F-41CC-9159-A1AE6B5DB46B}.Release|x86.Build.0 = Release|Any CPU
	EndGlobalSection
EndGlobal
